
Microsoft Visual Studio Solution File, Format Version 12.00
# Visual Studio Version 17
VisualStudioVersion = 17.8.34004.107
MinimumVisualStudioVersion = 10.0.40219.1
Project("{FAE04EC0-301F-11D3-BF4B-00C04F79EFBC}") = "SVRGN.Libs.Contracts.StateMachine", "SVRGN.Libs.Contracts.StateMachine\SVRGN.Libs.Contracts.StateMachine.csproj", "{23F4D5A1-15C1-4F16-876B-8871EDE0C390}"
EndProject
Global
	GlobalSection(SolutionConfigurationPlatforms) = preSolution
		Debug|Any CPU = Debug|Any CPU
		Release|Any CPU = Release|Any CPU
	EndGlobalSection
	GlobalSection(ProjectConfigurationPlatforms) = postSolution
		{23F4D5A1-15C1-4F16-876B-8871EDE0C390}.Debug|Any CPU.ActiveCfg = Debug|Any CPU
		{23F4D5A1-15C1-4F16-876B-8871EDE0C390}.Debug|Any CPU.Build.0 = Debug|Any CPU
		{23F4D5A1-15C1-4F16-876B-8871EDE0C390}.Release|Any CPU.ActiveCfg = Release|Any CPU
		{23F4D5A1-15C1-4F16-876B-8871EDE0C390}.Release|Any CPU.Build.0 = Release|Any CPU
	EndGlobalSection
	GlobalSection(SolutionProperties) = preSolution
		HideSolutionNode = FALSE
	EndGlobalSection
	GlobalSection(ExtensibilityGlobals) = postSolution
		SolutionGuid = {2E004420-FF69-49E1-814A-C9FB5326FF5C}
	EndGlobalSection
EndGlobal
